{
    "_meta": {
        "hash": {
            "sha256": "8df26fdc55e007bb231b5bde879bf9122d47efc996470b66c5b87c8bd389b591"
        },
        "pipfile-spec": 6,
        "requires": {
            "python_version": "3.9"
        },
        "sources": [
            {
                "name": "pypi",
                "url": "https://pypi.org/simple",
                "verify_ssl": true
            }
        ]
    },
    "default": {
        "python-dotenv": {
            "hashes": [
                "sha256:31d752f5b748f4e292448c9a0cac6a08ed5e6f4cefab85044462dcad56905cec",
                "sha256:9fa413c37d4652d3fa02fea0ff465c384f5db75eab259c4fc5d0c5b8bf20edd4"
            ],
            "index": "pypi",
            "version": "==0.16.0"
        }
    },
    "develop": {}
}
